{
  "pins" : [
    {
      "identity" : "codescanner",
      "kind" : "remoteSourceControl",
      "location" : "https://github.com/twostraws/CodeScanner",
      "state" : {
        "revision" : "4b2f9c57d03bfe94e6b45572e0c908c1433c32b2",
        "version" : "2.3.2"
      }
    },
    {
      "identity" : "navigationbackport",
      "kind" : "remoteSourceControl",
      "location" : "https://github.com/johnpatrickmorgan/NavigationBackport",
      "state" : {
        "revision" : "fb860a404f8c0aabeca1016400e41ece5363a369",
        "version" : "0.9.0"
      }
    }
  ],
  "version" : 2
}
