// !$*UTF8*$!
{
	archiveVersion = 1;
	classes = {
	};
	objectVersion = 56;
	objects = {

/* Begin PBXBuildFile section */
		D4081F832A4FFC7900F19529 /* CodeScanner in Frameworks */ = {isa = PBXBuildFile; productRef = D4081F822A4FFC7900F19529 /* CodeScanner */; };
		D4081F852A5007CA00F19529 /* View.swift in Sources */ = {isa = PBXBuildFile; fileRef = D4081F842A5007CA00F19529 /* View.swift */; };
		D412D45A2A4828010026E164 /* MemoriaApp.swift in Sources */ = {isa = PBXBuildFile; fileRef = D412D4592A4828010026E164 /* MemoriaApp.swift */; };
		D412D4612A4828020026E164 /* Preview Assets.xcassets in Resources */ = {isa = PBXBuildFile; fileRef = D412D4602A4828020026E164 /* Preview Assets.xcassets */; };
		D412D4682A4834EC0026E164 /* WelcomeView.swift in Sources */ = {isa = PBXBuildFile; fileRef = D412D4672A4834EC0026E164 /* WelcomeView.swift */; };
		D412D46C2A4840150026E164 /* Inter-Regular.ttf in Resources */ = {isa = PBXBuildFile; fileRef = D412D46B2A4840130026E164 /* Inter-Regular.ttf */; };
		D412D4722A48416E0026E164 /* LargeButton.swift in Sources */ = {isa = PBXBuildFile; fileRef = D412D4712A48416E0026E164 /* LargeButton.swift */; };
		D412D4752A4842300026E164 /* Color.swift in Sources */ = {isa = PBXBuildFile; fileRef = D412D4742A4842300026E164 /* Color.swift */; };
		D412D4772A4842D70026E164 /* Inter-Medium.ttf in Resources */ = {isa = PBXBuildFile; fileRef = D412D4762A4842D60026E164 /* Inter-Medium.ttf */; };
		D412D47B2A4842E10026E164 /* Inter-ExtraBold.ttf in Resources */ = {isa = PBXBuildFile; fileRef = D412D4782A4842E00026E164 /* Inter-ExtraBold.ttf */; };
		D412D47C2A4842E10026E164 /* Inter-Black.ttf in Resources */ = {isa = PBXBuildFile; fileRef = D412D4792A4842E10026E164 /* Inter-Black.ttf */; };
		D412D47D2A4842E10026E164 /* Inter-Bold.ttf in Resources */ = {isa = PBXBuildFile; fileRef = D412D47A2A4842E10026E164 /* Inter-Bold.ttf */; };
		D412D47F2A4842FB0026E164 /* Inter-Thin.ttf in Resources */ = {isa = PBXBuildFile; fileRef = D412D47E2A4842FB0026E164 /* Inter-Thin.ttf */; };
		D412D4822A4845520026E164 /* NavigationBackport in Frameworks */ = {isa = PBXBuildFile; productRef = D412D4812A4845520026E164 /* NavigationBackport */; };
		D412D4862A485EC50026E164 /* AppStateNavigation.swift in Sources */ = {isa = PBXBuildFile; fileRef = D412D4852A485EC50026E164 /* AppStateNavigation.swift */; };
		D412D48B2A4864270026E164 /* OnboardingView.swift in Sources */ = {isa = PBXBuildFile; fileRef = D412D48A2A4864270026E164 /* OnboardingView.swift */; };
		D412D48D2A486CFC0026E164 /* ImageTextField.swift in Sources */ = {isa = PBXBuildFile; fileRef = D412D48C2A486CFC0026E164 /* ImageTextField.swift */; };
		D412D48F2A4876210026E164 /* Inter-SemiBold.ttf in Resources */ = {isa = PBXBuildFile; fileRef = D412D48E2A4876210026E164 /* Inter-SemiBold.ttf */; };
		D412D4912A48768F0026E164 /* LoadingView.swift in Sources */ = {isa = PBXBuildFile; fileRef = D412D4902A48768F0026E164 /* LoadingView.swift */; };
		D412D4932A4877290026E164 /* MemoriaLogo.swift in Sources */ = {isa = PBXBuildFile; fileRef = D412D4922A4877290026E164 /* MemoriaLogo.swift */; };
		D412D4952A48780E0026E164 /* CircularProgressView.swift in Sources */ = {isa = PBXBuildFile; fileRef = D412D4942A48780E0026E164 /* CircularProgressView.swift */; };
		D44AAD8C2A715731006924B8 /* ProfileView.swift in Sources */ = {isa = PBXBuildFile; fileRef = D44AAD8B2A715731006924B8 /* ProfileView.swift */; };
		D44AAD8D2A715912006924B8 /* Assets.xcassets in Resources */ = {isa = PBXBuildFile; fileRef = D412D45D2A4828020026E164 /* Assets.xcassets */; };
		D44AAD912A716DB6006924B8 /* GoogleService-Info.plist in Resources */ = {isa = PBXBuildFile; fileRef = D44AAD902A716DB6006924B8 /* GoogleService-Info.plist */; };
		D44AAD942A716E5B006924B8 /* FirebaseAuth in Frameworks */ = {isa = PBXBuildFile; productRef = D44AAD932A716E5B006924B8 /* FirebaseAuth */; };
		D44AAD962A716E5B006924B8 /* FirebaseAuthCombine-Community in Frameworks */ = {isa = PBXBuildFile; productRef = D44AAD952A716E5B006924B8 /* FirebaseAuthCombine-Community */; };
		D44AAD982A716E5B006924B8 /* FirebaseFirestore in Frameworks */ = {isa = PBXBuildFile; productRef = D44AAD972A716E5B006924B8 /* FirebaseFirestore */; };
		D44AAD9A2A716E5B006924B8 /* FirebaseFirestoreCombine-Community in Frameworks */ = {isa = PBXBuildFile; productRef = D44AAD992A716E5B006924B8 /* FirebaseFirestoreCombine-Community */; };
		D44AAD9C2A716E5B006924B8 /* FirebaseStorage in Frameworks */ = {isa = PBXBuildFile; productRef = D44AAD9B2A716E5B006924B8 /* FirebaseStorage */; };
		D44AAD9E2A716E5B006924B8 /* FirebaseStorageCombine-Community in Frameworks */ = {isa = PBXBuildFile; productRef = D44AAD9D2A716E5B006924B8 /* FirebaseStorageCombine-Community */; };
		D44C81472A50141A008B52A4 /* BottomSheetView.swift in Sources */ = {isa = PBXBuildFile; fileRef = D44C81462A50141A008B52A4 /* BottomSheetView.swift */; };
		D44C81492A501BED008B52A4 /* ScanQRView.swift in Sources */ = {isa = PBXBuildFile; fileRef = D44C81482A501BED008B52A4 /* ScanQRView.swift */; };
		D44C814B2A5021DD008B52A4 /* JoinByCodeView.swift in Sources */ = {isa = PBXBuildFile; fileRef = D44C814A2A5021DD008B52A4 /* JoinByCodeView.swift */; };
		D46429C52A65732900A9B497 /* CameraView.swift in Sources */ = {isa = PBXBuildFile; fileRef = D46429C42A65732900A9B497 /* CameraView.swift */; };
		D46EB3522A55AB45008F03A0 /* CustomSegmentedControl.swift in Sources */ = {isa = PBXBuildFile; fileRef = D46EB3512A55AB45008F03A0 /* CustomSegmentedControl.swift */; };
		D46EB3552A55AD26008F03A0 /* PartyView.swift in Sources */ = {isa = PBXBuildFile; fileRef = D46EB3542A55AD26008F03A0 /* PartyView.swift */; };
		D4922D952A49DAB300D274DC /* MainView.swift in Sources */ = {isa = PBXBuildFile; fileRef = D4922D942A49DAB300D274DC /* MainView.swift */; };
		D4922D972A49DAF700D274DC /* HomeView.swift in Sources */ = {isa = PBXBuildFile; fileRef = D4922D962A49DAF700D274DC /* HomeView.swift */; };
		D496582D2A890B5900AF99C4 /* Date.swift in Sources */ = {isa = PBXBuildFile; fileRef = D496582C2A890B5900AF99C4 /* Date.swift */; };
		D496582F2A890B8500AF99C4 /* String.swift in Sources */ = {isa = PBXBuildFile; fileRef = D496582E2A890B8500AF99C4 /* String.swift */; };
		D49658312A890CC600AF99C4 /* SettingsSheetView.swift in Sources */ = {isa = PBXBuildFile; fileRef = D49658302A890CC600AF99C4 /* SettingsSheetView.swift */; };
		D49658332A890ED600AF99C4 /* Text.swift in Sources */ = {isa = PBXBuildFile; fileRef = D49658322A890ED600AF99C4 /* Text.swift */; };
		D49658362A891E7100AF99C4 /* KeyboardReadable.swift in Sources */ = {isa = PBXBuildFile; fileRef = D49658352A891E7100AF99C4 /* KeyboardReadable.swift */; };
		D496583A2A89217C00AF99C4 /* ShareQRSheetView.swift in Sources */ = {isa = PBXBuildFile; fileRef = D49658392A89217C00AF99C4 /* ShareQRSheetView.swift */; };
		D498D8B02A9CD80400570E5A /* OnboardingViewModel.swift in Sources */ = {isa = PBXBuildFile; fileRef = D498D8AF2A9CD80400570E5A /* OnboardingViewModel.swift */; };
		D498D8B22A9CD89000570E5A /* AuthService.swift in Sources */ = {isa = PBXBuildFile; fileRef = D498D8B12A9CD89000570E5A /* AuthService.swift */; };
		D4F369062A6818A400355E60 /* CameraPreview.swift in Sources */ = {isa = PBXBuildFile; fileRef = D4F369052A6818A400355E60 /* CameraPreview.swift */; };
/* End PBXBuildFile section */

/* Begin PBXFileReference section */
		D4081F842A5007CA00F19529 /* View.swift */ = {isa = PBXFileReference; lastKnownFileType = sourcecode.swift; path = View.swift; sourceTree = "<group>"; };
		D412D4562A4828010026E164 /* Memoria.app */ = {isa = PBXFileReference; explicitFileType = wrapper.application; includeInIndex = 0; path = Memoria.app; sourceTree = BUILT_PRODUCTS_DIR; };
		D412D4592A4828010026E164 /* MemoriaApp.swift */ = {isa = PBXFileReference; lastKnownFileType = sourcecode.swift; path = MemoriaApp.swift; sourceTree = "<group>"; };
		D412D45D2A4828020026E164 /* Assets.xcassets */ = {isa = PBXFileReference; lastKnownFileType = folder.assetcatalog; path = Assets.xcassets; sourceTree = "<group>"; };
		D412D4602A4828020026E164 /* Preview Assets.xcassets */ = {isa = PBXFileReference; lastKnownFileType = folder.assetcatalog; path = "Preview Assets.xcassets"; sourceTree = "<group>"; };
		D412D4672A4834EC0026E164 /* WelcomeView.swift */ = {isa = PBXFileReference; lastKnownFileType = sourcecode.swift; path = WelcomeView.swift; sourceTree = "<group>"; };
		D412D46B2A4840130026E164 /* Inter-Regular.ttf */ = {isa = PBXFileReference; lastKnownFileType = file; path = "Inter-Regular.ttf"; sourceTree = "<group>"; };
		D412D46F2A4840780026E164 /* Info.plist */ = {isa = PBXFileReference; lastKnownFileType = text.plist; path = Info.plist; sourceTree = "<group>"; };
		D412D4712A48416E0026E164 /* LargeButton.swift */ = {isa = PBXFileReference; lastKnownFileType = sourcecode.swift; path = LargeButton.swift; sourceTree = "<group>"; };
		D412D4742A4842300026E164 /* Color.swift */ = {isa = PBXFileReference; lastKnownFileType = sourcecode.swift; path = Color.swift; sourceTree = "<group>"; };
		D412D4762A4842D60026E164 /* Inter-Medium.ttf */ = {isa = PBXFileReference; lastKnownFileType = file; path = "Inter-Medium.ttf"; sourceTree = "<group>"; };
		D412D4782A4842E00026E164 /* Inter-ExtraBold.ttf */ = {isa = PBXFileReference; lastKnownFileType = file; path = "Inter-ExtraBold.ttf"; sourceTree = "<group>"; };
		D412D4792A4842E10026E164 /* Inter-Black.ttf */ = {isa = PBXFileReference; lastKnownFileType = file; path = "Inter-Black.ttf"; sourceTree = "<group>"; };
		D412D47A2A4842E10026E164 /* Inter-Bold.ttf */ = {isa = PBXFileReference; lastKnownFileType = file; path = "Inter-Bold.ttf"; sourceTree = "<group>"; };
		D412D47E2A4842FB0026E164 /* Inter-Thin.ttf */ = {isa = PBXFileReference; lastKnownFileType = file; path = "Inter-Thin.ttf"; sourceTree = "<group>"; };
		D412D4852A485EC50026E164 /* AppStateNavigation.swift */ = {isa = PBXFileReference; lastKnownFileType = sourcecode.swift; path = AppStateNavigation.swift; sourceTree = "<group>"; };
		D412D48A2A4864270026E164 /* OnboardingView.swift */ = {isa = PBXFileReference; lastKnownFileType = sourcecode.swift; path = OnboardingView.swift; sourceTree = "<group>"; };
		D412D48C2A486CFC0026E164 /* ImageTextField.swift */ = {isa = PBXFileReference; lastKnownFileType = sourcecode.swift; path = ImageTextField.swift; sourceTree = "<group>"; };
		D412D48E2A4876210026E164 /* Inter-SemiBold.ttf */ = {isa = PBXFileReference; lastKnownFileType = file; path = "Inter-SemiBold.ttf"; sourceTree = "<group>"; };
		D412D4902A48768F0026E164 /* LoadingView.swift */ = {isa = PBXFileReference; lastKnownFileType = sourcecode.swift; path = LoadingView.swift; sourceTree = "<group>"; };
		D412D4922A4877290026E164 /* MemoriaLogo.swift */ = {isa = PBXFileReference; lastKnownFileType = sourcecode.swift; path = MemoriaLogo.swift; sourceTree = "<group>"; };
		D412D4942A48780E0026E164 /* CircularProgressView.swift */ = {isa = PBXFileReference; lastKnownFileType = sourcecode.swift; path = CircularProgressView.swift; sourceTree = "<group>"; };
		D44AAD8B2A715731006924B8 /* ProfileView.swift */ = {isa = PBXFileReference; lastKnownFileType = sourcecode.swift; path = ProfileView.swift; sourceTree = "<group>"; };
		D44AAD902A716DB6006924B8 /* GoogleService-Info.plist */ = {isa = PBXFileReference; fileEncoding = 4; lastKnownFileType = text.plist.xml; path = "GoogleService-Info.plist"; sourceTree = "<group>"; };
		D44C81462A50141A008B52A4 /* BottomSheetView.swift */ = {isa = PBXFileReference; lastKnownFileType = sourcecode.swift; path = BottomSheetView.swift; sourceTree = "<group>"; };
		D44C81482A501BED008B52A4 /* ScanQRView.swift */ = {isa = PBXFileReference; lastKnownFileType = sourcecode.swift; path = ScanQRView.swift; sourceTree = "<group>"; };
		D44C814A2A5021DD008B52A4 /* JoinByCodeView.swift */ = {isa = PBXFileReference; lastKnownFileType = sourcecode.swift; path = JoinByCodeView.swift; sourceTree = "<group>"; };
		D46429C42A65732900A9B497 /* CameraView.swift */ = {isa = PBXFileReference; lastKnownFileType = sourcecode.swift; path = CameraView.swift; sourceTree = "<group>"; };
		D46EB3512A55AB45008F03A0 /* CustomSegmentedControl.swift */ = {isa = PBXFileReference; lastKnownFileType = sourcecode.swift; path = CustomSegmentedControl.swift; sourceTree = "<group>"; };
		D46EB3542A55AD26008F03A0 /* PartyView.swift */ = {isa = PBXFileReference; lastKnownFileType = sourcecode.swift; path = PartyView.swift; sourceTree = "<group>"; };
		D4922D942A49DAB300D274DC /* MainView.swift */ = {isa = PBXFileReference; lastKnownFileType = sourcecode.swift; path = MainView.swift; sourceTree = "<group>"; };
		D4922D962A49DAF700D274DC /* HomeView.swift */ = {isa = PBXFileReference; lastKnownFileType = sourcecode.swift; path = HomeView.swift; sourceTree = "<group>"; };
		D496582C2A890B5900AF99C4 /* Date.swift */ = {isa = PBXFileReference; lastKnownFileType = sourcecode.swift; path = Date.swift; sourceTree = "<group>"; };
		D496582E2A890B8500AF99C4 /* String.swift */ = {isa = PBXFileReference; lastKnownFileType = sourcecode.swift; path = String.swift; sourceTree = "<group>"; };
		D49658302A890CC600AF99C4 /* SettingsSheetView.swift */ = {isa = PBXFileReference; lastKnownFileType = sourcecode.swift; path = SettingsSheetView.swift; sourceTree = "<group>"; };
		D49658322A890ED600AF99C4 /* Text.swift */ = {isa = PBXFileReference; lastKnownFileType = sourcecode.swift; path = Text.swift; sourceTree = "<group>"; };
		D49658352A891E7100AF99C4 /* KeyboardReadable.swift */ = {isa = PBXFileReference; lastKnownFileType = sourcecode.swift; path = KeyboardReadable.swift; sourceTree = "<group>"; };
		D49658392A89217C00AF99C4 /* ShareQRSheetView.swift */ = {isa = PBXFileReference; lastKnownFileType = sourcecode.swift; path = ShareQRSheetView.swift; sourceTree = "<group>"; };
		D498D8AF2A9CD80400570E5A /* OnboardingViewModel.swift */ = {isa = PBXFileReference; lastKnownFileType = sourcecode.swift; path = OnboardingViewModel.swift; sourceTree = "<group>"; };
		D498D8B12A9CD89000570E5A /* AuthService.swift */ = {isa = PBXFileReference; lastKnownFileType = sourcecode.swift; path = AuthService.swift; sourceTree = "<group>"; };
		D4F369052A6818A400355E60 /* CameraPreview.swift */ = {isa = PBXFileReference; lastKnownFileType = sourcecode.swift; path = CameraPreview.swift; sourceTree = "<group>"; };
/* End PBXFileReference section */

/* Begin PBXFrameworksBuildPhase section */
		D412D4532A4828010026E164 /* Frameworks */ = {
			isa = PBXFrameworksBuildPhase;
			buildActionMask = 2147483647;
			files = (
				D4081F832A4FFC7900F19529 /* CodeScanner in Frameworks */,
				D44AAD942A716E5B006924B8 /* FirebaseAuth in Frameworks */,
				D44AAD9E2A716E5B006924B8 /* FirebaseStorageCombine-Community in Frameworks */,
				D412D4822A4845520026E164 /* NavigationBackport in Frameworks */,
				D44AAD9A2A716E5B006924B8 /* FirebaseFirestoreCombine-Community in Frameworks */,
				D44AAD9C2A716E5B006924B8 /* FirebaseStorage in Frameworks */,
				D44AAD982A716E5B006924B8 /* FirebaseFirestore in Frameworks */,
				D44AAD962A716E5B006924B8 /* FirebaseAuthCombine-Community in Frameworks */,
			);
			runOnlyForDeploymentPostprocessing = 0;
		};
/* End PBXFrameworksBuildPhase section */

/* Begin PBXGroup section */
		D412D44D2A4828010026E164 = {
			isa = PBXGroup;
			children = (
				D412D4582A4828010026E164 /* Memoria */,
				D412D4572A4828010026E164 /* Products */,
			);
			sourceTree = "<group>";
		};
		D412D4572A4828010026E164 /* Products */ = {
			isa = PBXGroup;
			children = (
				D412D4562A4828010026E164 /* Memoria.app */,
			);
			name = Products;
			sourceTree = "<group>";
		};
		D412D4582A4828010026E164 /* Memoria */ = {
			isa = PBXGroup;
			children = (
				D412D46D2A48402B0026E164 /* Module */,
				D412D4692A4835AE0026E164 /* Vendor */,
				D412D4592A4828010026E164 /* MemoriaApp.swift */,
				D44AAD902A716DB6006924B8 /* GoogleService-Info.plist */,
				D412D46F2A4840780026E164 /* Info.plist */,
				D412D45D2A4828020026E164 /* Assets.xcassets */,
				D412D45F2A4828020026E164 /* Preview Content */,
			);
			path = Memoria;
			sourceTree = "<group>";
		};
		D412D45F2A4828020026E164 /* Preview Content */ = {
			isa = PBXGroup;
			children = (
				D412D4602A4828020026E164 /* Preview Assets.xcassets */,
			);
			path = "Preview Content";
			sourceTree = "<group>";
		};
		D412D4692A4835AE0026E164 /* Vendor */ = {
			isa = PBXGroup;
			children = (
				D498D8AC2A9CD6FD00570E5A /* Firebase */,
				D49658342A891E6300AF99C4 /* Helper */,
				D412D4832A4845D20026E164 /* NavigationState */,
				D412D4732A4842270026E164 /* Extension */,
				D412D4702A48413A0026E164 /* CustomView */,
				D412D46A2A4835BC0026E164 /* Font */,
			);
			path = Vendor;
			sourceTree = "<group>";
		};
		D412D46A2A4835BC0026E164 /* Font */ = {
			isa = PBXGroup;
			children = (
				D412D4792A4842E10026E164 /* Inter-Black.ttf */,
				D412D47A2A4842E10026E164 /* Inter-Bold.ttf */,
				D412D48E2A4876210026E164 /* Inter-SemiBold.ttf */,
				D412D4782A4842E00026E164 /* Inter-ExtraBold.ttf */,
				D412D4762A4842D60026E164 /* Inter-Medium.ttf */,
				D412D47E2A4842FB0026E164 /* Inter-Thin.ttf */,
				D412D46B2A4840130026E164 /* Inter-Regular.ttf */,
			);
			path = Font;
			sourceTree = "<group>";
		};
		D412D46D2A48402B0026E164 /* Module */ = {
			isa = PBXGroup;
			children = (
				D44AAD8A2A715726006924B8 /* Profile */,
				D46EB3582A55B108008F03A0 /* Camera */,
				D46EB3532A55AD0E008F03A0 /* Party */,
				D4922D912A49D61E00D274DC /* Home */,
				D412D4872A485F800026E164 /* Onboarding */,
				D412D46E2A4840360026E164 /* Welcome */,
				D4922D942A49DAB300D274DC /* MainView.swift */,
			);
			path = Module;
			sourceTree = "<group>";
		};
		D412D46E2A4840360026E164 /* Welcome */ = {
			isa = PBXGroup;
			children = (
				D412D4672A4834EC0026E164 /* WelcomeView.swift */,
			);
			path = Welcome;
			sourceTree = "<group>";
		};
		D412D4702A48413A0026E164 /* CustomView */ = {
			isa = PBXGroup;
			children = (
				D412D4712A48416E0026E164 /* LargeButton.swift */,
				D412D48C2A486CFC0026E164 /* ImageTextField.swift */,
				D412D4922A4877290026E164 /* MemoriaLogo.swift */,
				D412D4942A48780E0026E164 /* CircularProgressView.swift */,
				D44C81462A50141A008B52A4 /* BottomSheetView.swift */,
				D46EB3512A55AB45008F03A0 /* CustomSegmentedControl.swift */,
			);
			path = CustomView;
			sourceTree = "<group>";
		};
		D412D4732A4842270026E164 /* Extension */ = {
			isa = PBXGroup;
			children = (
				D412D4742A4842300026E164 /* Color.swift */,
				D4081F842A5007CA00F19529 /* View.swift */,
				D496582C2A890B5900AF99C4 /* Date.swift */,
				D496582E2A890B8500AF99C4 /* String.swift */,
				D49658322A890ED600AF99C4 /* Text.swift */,
			);
			path = Extension;
			sourceTree = "<group>";
		};
		D412D4832A4845D20026E164 /* NavigationState */ = {
			isa = PBXGroup;
			children = (
				D412D4852A485EC50026E164 /* AppStateNavigation.swift */,
			);
			path = NavigationState;
			sourceTree = "<group>";
		};
		D412D4872A485F800026E164 /* Onboarding */ = {
			isa = PBXGroup;
			children = (
				D498D8AE2A9CD7F600570E5A /* ViewModel */,
				D498D8AD2A9CD7F200570E5A /* View */,
				D412D4902A48768F0026E164 /* LoadingView.swift */,
			);
			path = Onboarding;
			sourceTree = "<group>";
		};
		D44AAD8A2A715726006924B8 /* Profile */ = {
			isa = PBXGroup;
			children = (
				D44AAD8B2A715731006924B8 /* ProfileView.swift */,
			);
			path = Profile;
			sourceTree = "<group>";
		};
		D46EB3532A55AD0E008F03A0 /* Party */ = {
			isa = PBXGroup;
			children = (
				D46EB3542A55AD26008F03A0 /* PartyView.swift */,
			);
			path = Party;
			sourceTree = "<group>";
		};
		D46EB3582A55B108008F03A0 /* Camera */ = {
			isa = PBXGroup;
			children = (
				D46429C42A65732900A9B497 /* CameraView.swift */,
				D4F369052A6818A400355E60 /* CameraPreview.swift */,
				D49658302A890CC600AF99C4 /* SettingsSheetView.swift */,
				D49658392A89217C00AF99C4 /* ShareQRSheetView.swift */,
			);
			path = Camera;
			sourceTree = "<group>";
		};
		D4922D912A49D61E00D274DC /* Home */ = {
			isa = PBXGroup;
			children = (
				D4922D962A49DAF700D274DC /* HomeView.swift */,
				D44C81482A501BED008B52A4 /* ScanQRView.swift */,
				D44C814A2A5021DD008B52A4 /* JoinByCodeView.swift */,
			);
			path = Home;
			sourceTree = "<group>";
		};
		D49658342A891E6300AF99C4 /* Helper */ = {
			isa = PBXGroup;
			children = (
				D49658352A891E7100AF99C4 /* KeyboardReadable.swift */,
			);
			path = Helper;
			sourceTree = "<group>";
		};
		D498D8AC2A9CD6FD00570E5A /* Firebase */ = {
			isa = PBXGroup;
			children = (
				D498D8B12A9CD89000570E5A /* AuthService.swift */,
			);
			path = Firebase;
			sourceTree = "<group>";
		};
		D498D8AD2A9CD7F200570E5A /* View */ = {
			isa = PBXGroup;
			children = (
				D412D48A2A4864270026E164 /* OnboardingView.swift */,
			);
			path = View;
			sourceTree = "<group>";
		};
		D498D8AE2A9CD7F600570E5A /* ViewModel */ = {
			isa = PBXGroup;
			children = (
				D498D8AF2A9CD80400570E5A /* OnboardingViewModel.swift */,
			);
			path = ViewModel;
			sourceTree = "<group>";
		};
/* End PBXGroup section */

/* Begin PBXNativeTarget section */
		D412D4552A4828010026E164 /* Memoria */ = {
			isa = PBXNativeTarget;
			buildConfigurationList = D412D4642A4828020026E164 /* Build configuration list for PBXNativeTarget "Memoria" */;
			buildPhases = (
				D412D4522A4828010026E164 /* Sources */,
				D412D4532A4828010026E164 /* Frameworks */,
				D412D4542A4828010026E164 /* Resources */,
			);
			buildRules = (
			);
			dependencies = (
			);
			name = Memoria;
			packageProductDependencies = (
				D412D4812A4845520026E164 /* NavigationBackport */,
				D4081F822A4FFC7900F19529 /* CodeScanner */,
				D44AAD932A716E5B006924B8 /* FirebaseAuth */,
				D44AAD952A716E5B006924B8 /* FirebaseAuthCombine-Community */,
				D44AAD972A716E5B006924B8 /* FirebaseFirestore */,
				D44AAD992A716E5B006924B8 /* FirebaseFirestoreCombine-Community */,
				D44AAD9B2A716E5B006924B8 /* FirebaseStorage */,
				D44AAD9D2A716E5B006924B8 /* FirebaseStorageCombine-Community */,
			);
			productName = Memoria;
			productReference = D412D4562A4828010026E164 /* Memoria.app */;
			productType = "com.apple.product-type.application";
		};
/* End PBXNativeTarget section */

/* Begin PBXProject section */
		D412D44E2A4828010026E164 /* Project object */ = {
			isa = PBXProject;
			attributes = {
				BuildIndependentTargetsInParallel = 1;
				LastSwiftUpdateCheck = 1430;
				LastUpgradeCheck = 1430;
				TargetAttributes = {
					D412D4552A4828010026E164 = {
						CreatedOnToolsVersion = 14.3;
					};
				};
			};
			buildConfigurationList = D412D4512A4828010026E164 /* Build configuration list for PBXProject "Memoria" */;
			compatibilityVersion = "Xcode 14.0";
			developmentRegion = en;
			hasScannedForEncodings = 0;
			knownRegions = (
				en,
				Base,
			);
			mainGroup = D412D44D2A4828010026E164;
			packageReferences = (
				D412D4802A4845520026E164 /* XCRemoteSwiftPackageReference "NavigationBackport" */,
				D4081F812A4FFC7900F19529 /* XCRemoteSwiftPackageReference "CodeScanner" */,
				D44AAD922A716E5A006924B8 /* XCRemoteSwiftPackageReference "firebase-ios-sdk" */,
			);
			productRefGroup = D412D4572A4828010026E164 /* Products */;
			projectDirPath = "";
			projectRoot = "";
			targets = (
				D412D4552A4828010026E164 /* Memoria */,
			);
		};
/* End PBXProject section */

/* Begin PBXResourcesBuildPhase section */
		D412D4542A4828010026E164 /* Resources */ = {
			isa = PBXResourcesBuildPhase;
			buildActionMask = 2147483647;
			files = (
				D412D47B2A4842E10026E164 /* Inter-ExtraBold.ttf in Resources */,
				D412D47C2A4842E10026E164 /* Inter-Black.ttf in Resources */,
				D412D4772A4842D70026E164 /* Inter-Medium.ttf in Resources */,
				D412D48F2A4876210026E164 /* Inter-SemiBold.ttf in Resources */,
				D412D47D2A4842E10026E164 /* Inter-Bold.ttf in Resources */,
				D412D47F2A4842FB0026E164 /* Inter-Thin.ttf in Resources */,
				D44AAD912A716DB6006924B8 /* GoogleService-Info.plist in Resources */,
				D412D4612A4828020026E164 /* Preview Assets.xcassets in Resources */,
				D44AAD8D2A715912006924B8 /* Assets.xcassets in Resources */,
				D412D46C2A4840150026E164 /* Inter-Regular.ttf in Resources */,
			);
			runOnlyForDeploymentPostprocessing = 0;
		};
/* End PBXResourcesBuildPhase section */

/* Begin PBXSourcesBuildPhase section */
		D412D4522A4828010026E164 /* Sources */ = {
			isa = PBXSourcesBuildPhase;
			buildActionMask = 2147483647;
			files = (
				D44C814B2A5021DD008B52A4 /* JoinByCodeView.swift in Sources */,
				D4081F852A5007CA00F19529 /* View.swift in Sources */,
				D496583A2A89217C00AF99C4 /* ShareQRSheetView.swift in Sources */,
				D496582F2A890B8500AF99C4 /* String.swift in Sources */,
				D412D48D2A486CFC0026E164 /* ImageTextField.swift in Sources */,
				D46EB3552A55AD26008F03A0 /* PartyView.swift in Sources */,
				D412D4682A4834EC0026E164 /* WelcomeView.swift in Sources */,
				D4F369062A6818A400355E60 /* CameraPreview.swift in Sources */,
				D49658332A890ED600AF99C4 /* Text.swift in Sources */,
				D412D4862A485EC50026E164 /* AppStateNavigation.swift in Sources */,
				D412D45A2A4828010026E164 /* MemoriaApp.swift in Sources */,
				D498D8B22A9CD89000570E5A /* AuthService.swift in Sources */,
				D412D4932A4877290026E164 /* MemoriaLogo.swift in Sources */,
				D412D48B2A4864270026E164 /* OnboardingView.swift in Sources */,
				D412D4912A48768F0026E164 /* LoadingView.swift in Sources */,
				D46EB3522A55AB45008F03A0 /* CustomSegmentedControl.swift in Sources */,
				D4922D952A49DAB300D274DC /* MainView.swift in Sources */,
				D412D4752A4842300026E164 /* Color.swift in Sources */,
				D49658362A891E7100AF99C4 /* KeyboardReadable.swift in Sources */,
				D46429C52A65732900A9B497 /* CameraView.swift in Sources */,
				D498D8B02A9CD80400570E5A /* OnboardingViewModel.swift in Sources */,
				D4922D972A49DAF700D274DC /* HomeView.swift in Sources */,
				D44C81472A50141A008B52A4 /* BottomSheetView.swift in Sources */,
				D44C81492A501BED008B52A4 /* ScanQRView.swift in Sources */,
				D412D4952A48780E0026E164 /* CircularProgressView.swift in Sources */,
				D496582D2A890B5900AF99C4 /* Date.swift in Sources */,
				D44AAD8C2A715731006924B8 /* ProfileView.swift in Sources */,
				D412D4722A48416E0026E164 /* LargeButton.swift in Sources */,
				D49658312A890CC600AF99C4 /* SettingsSheetView.swift in Sources */,
			);
			runOnlyForDeploymentPostprocessing = 0;
		};
/* End PBXSourcesBuildPhase section */

/* Begin XCBuildConfiguration section */
		D412D4622A4828020026E164 /* Debug */ = {
			isa = XCBuildConfiguration;
			buildSettings = {
				ALWAYS_SEARCH_USER_PATHS = NO;
				CLANG_ANALYZER_NONNULL = YES;
				CLANG_ANALYZER_NUMBER_OBJECT_CONVERSION = YES_AGGRESSIVE;
				CLANG_CXX_LANGUAGE_STANDARD = "gnu++20";
				CLANG_ENABLE_MODULES = YES;
				CLANG_ENABLE_OBJC_ARC = YES;
				CLANG_ENABLE_OBJC_WEAK = YES;
				CLANG_WARN_BLOCK_CAPTURE_AUTORELEASING = YES;
				CLANG_WARN_BOOL_CONVERSION = YES;
				CLANG_WARN_COMMA = YES;
				CLANG_WARN_CONSTANT_CONVERSION = YES;
				CLANG_WARN_DEPRECATED_OBJC_IMPLEMENTATIONS = YES;
				CLANG_WARN_DIRECT_OBJC_ISA_USAGE = YES_ERROR;
				CLANG_WARN_DOCUMENTATION_COMMENTS = YES;
				CLANG_WARN_EMPTY_BODY = YES;
				CLANG_WARN_ENUM_CONVERSION = YES;
				CLANG_WARN_INFINITE_RECURSION = YES;
				CLANG_WARN_INT_CONVERSION = YES;
				CLANG_WARN_NON_LITERAL_NULL_CONVERSION = YES;
				CLANG_WARN_OBJC_IMPLICIT_RETAIN_SELF = YES;
				CLANG_WARN_OBJC_LITERAL_CONVERSION = YES;
				CLANG_WARN_OBJC_ROOT_CLASS = YES_ERROR;
				CLANG_WARN_QUOTED_INCLUDE_IN_FRAMEWORK_HEADER = YES;
				CLANG_WARN_RANGE_LOOP_ANALYSIS = YES;
				CLANG_WARN_STRICT_PROTOTYPES = YES;
				CLANG_WARN_SUSPICIOUS_MOVE = YES;
				CLANG_WARN_UNGUARDED_AVAILABILITY = YES_AGGRESSIVE;
				CLANG_WARN_UNREACHABLE_CODE = YES;
				CLANG_WARN__DUPLICATE_METHOD_MATCH = YES;
				COPY_PHASE_STRIP = NO;
				DEBUG_INFORMATION_FORMAT = dwarf;
				ENABLE_STRICT_OBJC_MSGSEND = YES;
				ENABLE_TESTABILITY = YES;
				GCC_C_LANGUAGE_STANDARD = gnu11;
				GCC_DYNAMIC_NO_PIC = NO;
				GCC_NO_COMMON_BLOCKS = YES;
				GCC_OPTIMIZATION_LEVEL = 0;
				GCC_PREPROCESSOR_DEFINITIONS = (
					"DEBUG=1",
					"$(inherited)",
				);
				GCC_WARN_64_TO_32_BIT_CONVERSION = YES;
				GCC_WARN_ABOUT_RETURN_TYPE = YES_ERROR;
				GCC_WARN_UNDECLARED_SELECTOR = YES;
				GCC_WARN_UNINITIALIZED_AUTOS = YES_AGGRESSIVE;
				GCC_WARN_UNUSED_FUNCTION = YES;
				GCC_WARN_UNUSED_VARIABLE = YES;
				IPHONEOS_DEPLOYMENT_TARGET = 14;
				MTL_ENABLE_DEBUG_INFO = INCLUDE_SOURCE;
				MTL_FAST_MATH = YES;
				ONLY_ACTIVE_ARCH = YES;
				SDKROOT = iphoneos;
				SWIFT_ACTIVE_COMPILATION_CONDITIONS = DEBUG;
				SWIFT_OPTIMIZATION_LEVEL = "-Onone";
			};
			name = Debug;
		};
		D412D4632A4828020026E164 /* Release */ = {
			isa = XCBuildConfiguration;
			buildSettings = {
				ALWAYS_SEARCH_USER_PATHS = NO;
				CLANG_ANALYZER_NONNULL = YES;
				CLANG_ANALYZER_NUMBER_OBJECT_CONVERSION = YES_AGGRESSIVE;
				CLANG_CXX_LANGUAGE_STANDARD = "gnu++20";
				CLANG_ENABLE_MODULES = YES;
				CLANG_ENABLE_OBJC_ARC = YES;
				CLANG_ENABLE_OBJC_WEAK = YES;
				CLANG_WARN_BLOCK_CAPTURE_AUTORELEASING = YES;
				CLANG_WARN_BOOL_CONVERSION = YES;
				CLANG_WARN_COMMA = YES;
				CLANG_WARN_CONSTANT_CONVERSION = YES;
				CLANG_WARN_DEPRECATED_OBJC_IMPLEMENTATIONS = YES;
				CLANG_WARN_DIRECT_OBJC_ISA_USAGE = YES_ERROR;
				CLANG_WARN_DOCUMENTATION_COMMENTS = YES;
				CLANG_WARN_EMPTY_BODY = YES;
				CLANG_WARN_ENUM_CONVERSION = YES;
				CLANG_WARN_INFINITE_RECURSION = YES;
				CLANG_WARN_INT_CONVERSION = YES;
				CLANG_WARN_NON_LITERAL_NULL_CONVERSION = YES;
				CLANG_WARN_OBJC_IMPLICIT_RETAIN_SELF = YES;
				CLANG_WARN_OBJC_LITERAL_CONVERSION = YES;
				CLANG_WARN_OBJC_ROOT_CLASS = YES_ERROR;
				CLANG_WARN_QUOTED_INCLUDE_IN_FRAMEWORK_HEADER = YES;
				CLANG_WARN_RANGE_LOOP_ANALYSIS = YES;
				CLANG_WARN_STRICT_PROTOTYPES = YES;
				CLANG_WARN_SUSPICIOUS_MOVE = YES;
				CLANG_WARN_UNGUARDED_AVAILABILITY = YES_AGGRESSIVE;
				CLANG_WARN_UNREACHABLE_CODE = YES;
				CLANG_WARN__DUPLICATE_METHOD_MATCH = YES;
				COPY_PHASE_STRIP = NO;
				DEBUG_INFORMATION_FORMAT = "dwarf-with-dsym";
				ENABLE_NS_ASSERTIONS = NO;
				ENABLE_STRICT_OBJC_MSGSEND = YES;
				GCC_C_LANGUAGE_STANDARD = gnu11;
				GCC_NO_COMMON_BLOCKS = YES;
				GCC_WARN_64_TO_32_BIT_CONVERSION = YES;
				GCC_WARN_ABOUT_RETURN_TYPE = YES_ERROR;
				GCC_WARN_UNDECLARED_SELECTOR = YES;
				GCC_WARN_UNINITIALIZED_AUTOS = YES_AGGRESSIVE;
				GCC_WARN_UNUSED_FUNCTION = YES;
				GCC_WARN_UNUSED_VARIABLE = YES;
				IPHONEOS_DEPLOYMENT_TARGET = 14;
				MTL_ENABLE_DEBUG_INFO = NO;
				MTL_FAST_MATH = YES;
				SDKROOT = iphoneos;
				SWIFT_COMPILATION_MODE = wholemodule;
				SWIFT_OPTIMIZATION_LEVEL = "-O";
				VALIDATE_PRODUCT = YES;
			};
			name = Release;
		};
		D412D4652A4828020026E164 /* Debug */ = {
			isa = XCBuildConfiguration;
			buildSettings = {
				ASSETCATALOG_COMPILER_APPICON_NAME = AppIcon;
				ASSETCATALOG_COMPILER_GLOBAL_ACCENT_COLOR_NAME = AccentColor;
				CODE_SIGN_STYLE = Automatic;
				CURRENT_PROJECT_VERSION = 1;
				DEVELOPMENT_ASSET_PATHS = "\"Memoria/Preview Content\"";
				DEVELOPMENT_TEAM = L54R5L5GQL;
				ENABLE_PREVIEWS = YES;
				GENERATE_INFOPLIST_FILE = YES;
				INFOPLIST_FILE = Memoria/Info.plist;
				INFOPLIST_KEY_NSCameraUsageDescription = "We need access to your camera to capture photos within the app.";
				INFOPLIST_KEY_UIApplicationSceneManifest_Generation = YES;
				INFOPLIST_KEY_UIApplicationSupportsIndirectInputEvents = YES;
				INFOPLIST_KEY_UILaunchScreen_Generation = YES;
				INFOPLIST_KEY_UISupportedInterfaceOrientations_iPad = "UIInterfaceOrientationPortrait UIInterfaceOrientationPortraitUpsideDown UIInterfaceOrientationLandscapeLeft UIInterfaceOrientationLandscapeRight";
				INFOPLIST_KEY_UISupportedInterfaceOrientations_iPhone = "UIInterfaceOrientationPortrait UIInterfaceOrientationLandscapeLeft UIInterfaceOrientationLandscapeRight";
				LD_RUNPATH_SEARCH_PATHS = (
					"$(inherited)",
					"@executable_path/Frameworks",
				);
				MARKETING_VERSION = 1.0;
				PRODUCT_BUNDLE_IDENTIFIER = com.memoria.id;
				PRODUCT_NAME = "$(TARGET_NAME)";
				SWIFT_EMIT_LOC_STRINGS = YES;
				SWIFT_VERSION = 5.0;
				TARGETED_DEVICE_FAMILY = "1,2";
			};
			name = Debug;
		};
		D412D4662A4828020026E164 /* Release */ = {
			isa = XCBuildConfiguration;
			buildSettings = {
				ASSETCATALOG_COMPILER_APPICON_NAME = AppIcon;
				ASSETCATALOG_COMPILER_GLOBAL_ACCENT_COLOR_NAME = AccentColor;
				CODE_SIGN_STYLE = Automatic;
				CURRENT_PROJECT_VERSION = 1;
				DEVELOPMENT_ASSET_PATHS = "\"Memoria/Preview Content\"";
				DEVELOPMENT_TEAM = L54R5L5GQL;
				ENABLE_PREVIEWS = YES;
				GENERATE_INFOPLIST_FILE = YES;
				INFOPLIST_FILE = Memoria/Info.plist;
				INFOPLIST_KEY_NSCameraUsageDescription = "We need access to your camera to capture photos within the app.";
				INFOPLIST_KEY_UIApplicationSceneManifest_Generation = YES;
				INFOPLIST_KEY_UIApplicationSupportsIndirectInputEvents = YES;
				INFOPLIST_KEY_UILaunchScreen_Generation = YES;
				INFOPLIST_KEY_UISupportedInterfaceOrientations_iPad = "UIInterfaceOrientationPortrait UIInterfaceOrientationPortraitUpsideDown UIInterfaceOrientationLandscapeLeft UIInterfaceOrientationLandscapeRight";
				INFOPLIST_KEY_UISupportedInterfaceOrientations_iPhone = "UIInterfaceOrientationPortrait UIInterfaceOrientationLandscapeLeft UIInterfaceOrientationLandscapeRight";
				LD_RUNPATH_SEARCH_PATHS = (
					"$(inherited)",
					"@executable_path/Frameworks",
				);
				MARKETING_VERSION = 1.0;
				PRODUCT_BUNDLE_IDENTIFIER = com.memoria.id;
				PRODUCT_NAME = "$(TARGET_NAME)";
				SWIFT_EMIT_LOC_STRINGS = YES;
				SWIFT_VERSION = 5.0;
				TARGETED_DEVICE_FAMILY = "1,2";
			};
			name = Release;
		};
/* End XCBuildConfiguration section */

/* Begin XCConfigurationList section */
		D412D4512A4828010026E164 /* Build configuration list for PBXProject "Memoria" */ = {
			isa = XCConfigurationList;
			buildConfigurations = (
				D412D4622A4828020026E164 /* Debug */,
				D412D4632A4828020026E164 /* Release */,
			);
			defaultConfigurationIsVisible = 0;
			defaultConfigurationName = Release;
		};
		D412D4642A4828020026E164 /* Build configuration list for PBXNativeTarget "Memoria" */ = {
			isa = XCConfigurationList;
			buildConfigurations = (
				D412D4652A4828020026E164 /* Debug */,
				D412D4662A4828020026E164 /* Release */,
			);
			defaultConfigurationIsVisible = 0;
			defaultConfigurationName = Release;
		};
/* End XCConfigurationList section */

/* Begin XCRemoteSwiftPackageReference section */
		D4081F812A4FFC7900F19529 /* XCRemoteSwiftPackageReference "CodeScanner" */ = {
			isa = XCRemoteSwiftPackageReference;
			repositoryURL = "https://github.com/twostraws/CodeScanner";
			requirement = {
				kind = upToNextMajorVersion;
				minimumVersion = 2.0.0;
			};
		};
		D412D4802A4845520026E164 /* XCRemoteSwiftPackageReference "NavigationBackport" */ = {
			isa = XCRemoteSwiftPackageReference;
			repositoryURL = "https://github.com/johnpatrickmorgan/NavigationBackport";
			requirement = {
				kind = upToNextMajorVersion;
				minimumVersion = 0.9.0;
			};
		};
		D44AAD922A716E5A006924B8 /* XCRemoteSwiftPackageReference "firebase-ios-sdk" */ = {
			isa = XCRemoteSwiftPackageReference;
			repositoryURL = "https://github.com/firebase/firebase-ios-sdk";
			requirement = {
				kind = upToNextMajorVersion;
				minimumVersion = 10.12.0;
			};
		};
/* End XCRemoteSwiftPackageReference section */

/* Begin XCSwiftPackageProductDependency section */
		D4081F822A4FFC7900F19529 /* CodeScanner */ = {
			isa = XCSwiftPackageProductDependency;
			package = D4081F812A4FFC7900F19529 /* XCRemoteSwiftPackageReference "CodeScanner" */;
			productName = CodeScanner;
		};
		D412D4812A4845520026E164 /* NavigationBackport */ = {
			isa = XCSwiftPackageProductDependency;
			package = D412D4802A4845520026E164 /* XCRemoteSwiftPackageReference "NavigationBackport" */;
			productName = NavigationBackport;
		};
		D44AAD932A716E5B006924B8 /* FirebaseAuth */ = {
			isa = XCSwiftPackageProductDependency;
			package = D44AAD922A716E5A006924B8 /* XCRemoteSwiftPackageReference "firebase-ios-sdk" */;
			productName = FirebaseAuth;
		};
		D44AAD952A716E5B006924B8 /* FirebaseAuthCombine-Community */ = {
			isa = XCSwiftPackageProductDependency;
			package = D44AAD922A716E5A006924B8 /* XCRemoteSwiftPackageReference "firebase-ios-sdk" */;
			productName = "FirebaseAuthCombine-Community";
		};
		D44AAD972A716E5B006924B8 /* FirebaseFirestore */ = {
			isa = XCSwiftPackageProductDependency;
			package = D44AAD922A716E5A006924B8 /* XCRemoteSwiftPackageReference "firebase-ios-sdk" */;
			productName = FirebaseFirestore;
		};
		D44AAD992A716E5B006924B8 /* FirebaseFirestoreCombine-Community */ = {
			isa = XCSwiftPackageProductDependency;
			package = D44AAD922A716E5A006924B8 /* XCRemoteSwiftPackageReference "firebase-ios-sdk" */;
			productName = "FirebaseFirestoreCombine-Community";
		};
		D44AAD9B2A716E5B006924B8 /* FirebaseStorage */ = {
			isa = XCSwiftPackageProductDependency;
			package = D44AAD922A716E5A006924B8 /* XCRemoteSwiftPackageReference "firebase-ios-sdk" */;
			productName = FirebaseStorage;
		};
		D44AAD9D2A716E5B006924B8 /* FirebaseStorageCombine-Community */ = {
			isa = XCSwiftPackageProductDependency;
			package = D44AAD922A716E5A006924B8 /* XCRemoteSwiftPackageReference "firebase-ios-sdk" */;
			productName = "FirebaseStorageCombine-Community";
		};
/* End XCSwiftPackageProductDependency section */
	};
	rootObject = D412D44E2A4828010026E164 /* Project object */;
}
